
Microsoft Visual Studio Solution File, Format Version 12.00
# Visual Studio Version 17
VisualStudioVersion = 17.0.31903.59
MinimumVisualStudioVersion = 10.0.40219.1
Project("{2150E333-8FDC-42A3-9474-1A3956D46DE8}") = "spike", "spike", "{D6EA9C13-5DDC-B6DF-E3F6-EC65D4C25D12}"
EndProject
Project("{FAE04EC0-301F-11D3-BF4B-00C04F79EFBC}") = "Cowpanion.Spike", "spike\Cowpanion.Spike\Cowpanion.Spike.csproj", "{41627A56-534F-4EE2-B991-DD9735F4EE1E}"
EndProject
Project("{2150E333-8FDC-42A3-9474-1A3956D46DE8}") = "src", "src", "{827E0CD3-B72D-47B6-A68D-7590B98EB39B}"
EndProject
Project("{FAE04EC0-301F-11D3-BF4B-00C04F79EFBC}") = "Cowpanion.App", "src\Cowpanion.App\Cowpanion.App.csproj", "{F6E518D0-555B-4672-9954-8B3B26A1148E}"
EndProject
Project("{FAE04EC0-301F-11D3-BF4B-00C04F79EFBC}") = "Cowpanion.Core", "src\Cowpanion.Core\Cowpanion.Core.csproj", "{4097BB21-712D-445F-9CA2-1AEEB91F434D}"
EndProject
Project("{FAE04EC0-301F-11D3-BF4B-00C04F79EFBC}") = "Cowpanion.Net", "src\Cowpanion.Net\Cowpanion.Net.csproj", "{E9B64580-31AF-407C-BD32-DF7DBA3DB6C1}"
EndProject
Project("{2150E333-8FDC-42A3-9474-1A3956D46DE8}") = "tests", "tests", "{0AB3BF05-4346-4AA6-1389-037BE0695223}"
EndProject
Project("{FAE04EC0-301F-11D3-BF4B-00C04F79EFBC}") = "Cowpanion.Core.Tests", "tests\Cowpanion.Core.Tests\Cowpanion.Core.Tests.csproj", "{8870428E-DB27-4622-8941-7DE6F2964ED4}"
EndProject
Project("{FAE04EC0-301F-11D3-BF4B-00C04F79EFBC}") = "Cowpanion.Net.Tests", "tests\Cowpanion.Net.Tests\Cowpanion.Net.Tests.csproj", "{B2A8D136-D49F-4802-9EA1-86D2EAAE00FD}"
EndProject
Global
	GlobalSection(SolutionConfigurationPlatforms) = preSolution
		Debug|Any CPU = Debug|Any CPU
		Debug|x64 = Debug|x64
		Debug|x86 = Debug|x86
		Release|Any CPU = Release|Any CPU
		Release|x64 = Release|x64
		Release|x86 = Release|x86
	EndGlobalSection
	GlobalSection(ProjectConfigurationPlatforms) = postSolution
		{41627A56-534F-4EE2-B991-DD9735F4EE1E}.Debug|Any CPU.ActiveCfg = Debug|Any CPU
		{41627A56-534F-4EE2-B991-DD9735F4EE1E}.Debug|Any CPU.Build.0 = Debug|Any CPU
		{41627A56-534F-4EE2-B991-DD9735F4EE1E}.Debug|x64.ActiveCfg = Debug|Any CPU
		{41627A56-534F-4EE2-B991-DD9735F4EE1E}.Debug|x64.Build.0 = Debug|Any CPU
		{41627A56-534F-4EE2-B991-DD9735F4EE1E}.Debug|x86.ActiveCfg = Debug|Any CPU
		{41627A56-534F-4EE2-B991-DD9735F4EE1E}.Debug|x86.Build.0 = Debug|Any CPU
		{41627A56-534F-4EE2-B991-DD9735F4EE1E}.Release|Any CPU.ActiveCfg = Release|Any CPU
		{41627A56-534F-4EE2-B991-DD9735F4EE1E}.Release|Any CPU.Build.0 = Release|Any CPU
		{41627A56-534F-4EE2-B991-DD9735F4EE1E}.Release|x64.ActiveCfg = Release|Any CPU
		{41627A56-534F-4EE2-B991-DD9735F4EE1E}.Release|x64.Build.0 = Release|Any CPU
		{41627A56-534F-4EE2-B991-DD9735F4EE1E}.Release|x86.ActiveCfg = Release|Any CPU
		{41627A56-534F-4EE2-B991-DD9735F4EE1E}.Release|x86.Build.0 = Release|Any CPU
		{F6E518D0-555B-4672-9954-8B3B26A1148E}.Debug|Any CPU.ActiveCfg = Debug|Any CPU
		{F6E518D0-555B-4672-9954-8B3B26A1148E}.Debug|Any CPU.Build.0 = Debug|Any CPU
		{F6E518D0-555B-4672-9954-8B3B26A1148E}.Debug|x64.ActiveCfg = Debug|Any CPU
		{F6E518D0-555B-4672-9954-8B3B26A1148E}.Debug|x64.Build.0 = Debug|Any CPU
		{F6E518D0-555B-4672-9954-8B3B26A1148E}.Debug|x86.ActiveCfg = Debug|Any CPU
		{F6E518D0-555B-4672-9954-8B3B26A1148E}.Debug|x86.Build.0 = Debug|Any CPU
		{F6E518D0-555B-4672-9954-8B3B26A1148E}.Release|Any CPU.ActiveCfg = Release|Any CPU
		{F6E518D0-555B-4672-9954-8B3B26A1148E}.Release|Any CPU.Build.0 = Release|Any CPU
		{F6E518D0-555B-4672-9954-8B3B26A1148E}.Release|x64.ActiveCfg = Release|Any CPU
		{F6E518D0-555B-4672-9954-8B3B26A1148E}.Release|x64.Build.0 = Release|Any CPU
		{F6E518D0-555B-4672-9954-8B3B26A1148E}.Release|x86.ActiveCfg = Release|Any CPU
		{F6E518D0-555B-4672-9954-8B3B26A1148E}.Release|x86.Build.0 = Release|Any CPU
		{4097BB21-712D-445F-9CA2-1AEEB91F434D}.Debug|Any CPU.ActiveCfg = Debug|Any CPU
		{4097BB21-712D-445F-9CA2-1AEEB91F434D}.Debug|Any CPU.Build.0 = Debug|Any CPU
		{4097BB21-712D-445F-9CA2-1AEEB91F434D}.Debug|x64.ActiveCfg = Debug|Any CPU
		{4097BB21-712D-445F-9CA2-1AEEB91F434D}.Debug|x64.Build.0 = Debug|Any CPU
		{4097BB21-712D-445F-9CA2-1AEEB91F434D}.Debug|x86.ActiveCfg = Debug|Any CPU
		{4097BB21-712D-445F-9CA2-1AEEB91F434D}.Debug|x86.Build.0 = Debug|Any CPU
		{4097BB21-712D-445F-9CA2-1AEEB91F434D}.Release|Any CPU.ActiveCfg = Release|Any CPU
		{4097BB21-712D-445F-9CA2-1AEEB91F434D}.Release|Any CPU.Build.0 = Release|Any CPU
		{4097BB21-712D-445F-9CA2-1AEEB91F434D}.Release|x64.ActiveCfg = Release|Any CPU
		{4097BB21-712D-445F-9CA2-1AEEB91F434D}.Release|x64.Build.0 = Release|Any CPU
		{4097BB21-712D-445F-9CA2-1AEEB91F434D}.Release|x86.ActiveCfg = Release|Any CPU
		{4097BB21-712D-445F-9CA2-1AEEB91F434D}.Release|x86.Build.0 = Release|Any CPU
		{E9B64580-31AF-407C-BD32-DF7DBA3DB6C1}.Debug|Any CPU.ActiveCfg = Debug|Any CPU
		{E9B64580-31AF-407C-BD32-DF7DBA3DB6C1}.Debug|Any CPU.Build.0 = Debug|Any CPU
		{E9B64580-31AF-407C-BD32-DF7DBA3DB6C1}.Debug|x64.ActiveCfg = Debug|Any CPU
		{E9B64580-31AF-407C-BD32-DF7DBA3DB6C1}.Debug|x64.Build.0 = Debug|Any CPU
		{E9B64580-31AF-407C-BD32-DF7DBA3DB6C1}.Debug|x86.ActiveCfg = Debug|Any CPU
		{E9B64580-31AF-407C-BD32-DF7DBA3DB6C1}.Debug|x86.Build.0 = Debug|Any CPU
		{E9B64580-31AF-407C-BD32-DF7DBA3DB6C1}.Release|Any CPU.ActiveCfg = Release|Any CPU
		{E9B64580-31AF-407C-BD32-DF7DBA3DB6C1}.Release|Any CPU.Build.0 = Release|Any CPU
		{E9B64580-31AF-407C-BD32-DF7DBA3DB6C1}.Release|x64.ActiveCfg = Release|Any CPU
		{E9B64580-31AF-407C-BD32-DF7DBA3DB6C1}.Release|x64.Build.0 = Release|Any CPU
		{E9B64580-31AF-407C-BD32-DF7DBA3DB6C1}.Release|x86.ActiveCfg = Release|Any CPU
		{E9B64580-31AF-407C-BD32-DF7DBA3DB6C1}.Release|x86.Build.0 = Release|Any CPU
		{8870428E-DB27-4622-8941-7DE6F2964ED4}.Debug|Any CPU.ActiveCfg = Debug|Any CPU
		{8870428E-DB27-4622-8941-7DE6F2964ED4}.Debug|Any CPU.Build.0 = Debug|Any CPU
		{8870428E-DB27-4622-8941-7DE6F2964ED4}.Debug|x64.ActiveCfg = Debug|Any CPU
		{8870428E-DB27-4622-8941-7DE6F2964ED4}.Debug|x64.Build.0 = Debug|Any CPU
		{8870428E-DB27-4622-8941-7DE6F2964ED4}.Debug|x86.ActiveCfg = Debug|Any CPU
		{8870428E-DB27-4622-8941-7DE6F2964ED4}.Debug|x86.Build.0 = Debug|Any CPU
		{8870428E-DB27-4622-8941-7DE6F2964ED4}.Release|Any CPU.ActiveCfg = Release|Any CPU
		{8870428E-DB27-4622-8941-7DE6F2964ED4}.Release|Any CPU.Build.0 = Release|Any CPU
		{8870428E-DB27-4622-8941-7DE6F2964ED4}.Release|x64.ActiveCfg = Release|Any CPU
		{8870428E-DB27-4622-8941-7DE6F2964ED4}.Release|x64.Build.0 = Release|Any CPU
		{8870428E-DB27-4622-8941-7DE6F2964ED4}.Release|x86.ActiveCfg = Release|Any CPU
		{8870428E-DB27-4622-8941-7DE6F2964ED4}.Release|x86.Build.0 = Release|Any CPU
		{B2A8D136-D49F-4802-9EA1-86D2EAAE00FD}.Debug|Any CPU.ActiveCfg = Debug|Any CPU
		{B2A8D136-D49F-4802-9EA1-86D2EAAE00FD}.Debug|Any CPU.Build.0 = Debug|Any CPU
		{B2A8D136-D49F-4802-9EA1-86D2EAAE00FD}.Debug|x64.ActiveCfg = Debug|Any CPU
		{B2A8D136-D49F-4802-9EA1-86D2EAAE00FD}.Debug|x64.Build.0 = Debug|Any CPU
		{B2A8D136-D49F-4802-9EA1-86D2EAAE00FD}.Debug|x86.ActiveCfg = Debug|Any CPU
		{B2A8D136-D49F-4802-9EA1-86D2EAAE00FD}.Debug|x86.Build.0 = Debug|Any CPU
		{B2A8D136-D49F-4802-9EA1-86D2EAAE00FD}.Release|Any CPU.ActiveCfg = Release|Any CPU
		{B2A8D136-D49F-4802-9EA1-86D2EAAE00FD}.Release|Any CPU.Build.0 = Release|Any CPU
		{B2A8D136-D49F-4802-9EA1-86D2EAAE00FD}.Release|x64.ActiveCfg = Release|Any CPU
		{B2A8D136-D49F-4802-9EA1-86D2EAAE00FD}.Release|x64.Build.0 = Release|Any CPU
		{B2A8D136-D49F-4802-9EA1-86D2EAAE00FD}.Release|x86.ActiveCfg = Release|Any CPU
		{B2A8D136-D49F-4802-9EA1-86D2EAAE00FD}.Release|x86.Build.0 = Release|Any CPU
	EndGlobalSection
	GlobalSection(SolutionProperties) = preSolution
		HideSolutionNode = FALSE
	EndGlobalSection
	GlobalSection(NestedProjects) = preSolution
		{41627A56-534F-4EE2-B991-DD9735F4EE1E} = {D6EA9C13-5DDC-B6DF-E3F6-EC65D4C25D12}
		{F6E518D0-555B-4672-9954-8B3B26A1148E} = {827E0CD3-B72D-47B6-A68D-7590B98EB39B}
		{4097BB21-712D-445F-9CA2-1AEEB91F434D} = {827E0CD3-B72D-47B6-A68D-7590B98EB39B}
		{E9B64580-31AF-407C-BD32-DF7DBA3DB6C1} = {827E0CD3-B72D-47B6-A68D-7590B98EB39B}
		{8870428E-DB27-4622-8941-7DE6F2964ED4} = {0AB3BF05-4346-4AA6-1389-037BE0695223}
		{B2A8D136-D49F-4802-9EA1-86D2EAAE00FD} = {0AB3BF05-4346-4AA6-1389-037BE0695223}
	EndGlobalSection
EndGlobal
